{
  "lockfileVersion": 1,
  "configVersion": 1,
  "workspaces": {
    "": {
      "name": "django-base-site",
      "dependencies": {
        "@heroicons/vue": "^2.2.0",
        "@tailwindcss/vite": "^4.2.4",
        "@vitejs/plugin-vue": "^6.0.6",
        "reka-ui": "^2.9.6",
        "tailwindcss": "^4.2.1",
        "vue": "^3.5.33",
        "vue-advanced-cropper": "^2.8.9",
        "vue-router": "^5.0.6",
      },
      "devDependencies": {
        "oxfmt": "0.48.0",
        "oxlint": "1.63.0",
        "vite": "^8.0.10",
      },
    },
  },
  "packages": {
    "@babel/generator": ["@babel/generator@7.29.1", "", { "dependencies": { "@babel/parser": "^7.29.0", "@babel/types": "^7.29.0", "@jridgewell/gen-mapping": "^0.3.12", "@jridgewell/trace-mapping": "^0.3.28", "jsesc": "^3.0.2" } }, "sha512-qsaF+9Qcm2Qv8SRIMMscAvG4O3lJ0F1GuMo5HR/Bp02LopNgnZBC/EkbevHFeGs4ls/oPz9v+Bsmzbkbe+0dUw=="],

    "@babel/helper-string-parser": ["@babel/helper-string-parser@7.27.1", "", {}, "sha512-qMlSxKbpRlAridDExk92nSobyDdpPijUq2DW6oDnUqd0iOGxmQjyqhMIihI9+zv4LPyZdRje2cavWPbCbWm3eA=="],

    "@babel/helper-validator-identifier": ["@babel/helper-validator-identifier@7.28.5", "", {}, "sha512-qSs4ifwzKJSV39ucNjsvc6WVHs6b7S03sOh2OcHF9UHfVPqWWALUsNUVzhSBiItjRZoLHx7nIarVjqKVusUZ1Q=="],

    "@babel/parser": ["@babel/parser@7.29.3", "", { "dependencies": { "@babel/types": "^7.29.0" }, "bin": "./bin/babel-parser.js" }, "sha512-b3ctpQwp+PROvU/cttc4OYl4MzfJUWy6FZg+PMXfzmt/+39iHVF0sDfqay8TQM3JA2EUOyKcFZt75jWriQijsA=="],

    "@babel/types": ["@babel/types@7.29.0", "", { "dependencies": { "@babel/helper-string-parser": "^7.27.1", "@babel/helper-validator-identifier": "^7.28.5" } }, "sha512-LwdZHpScM4Qz8Xw2iKSzS+cfglZzJGvofQICy7W7v4caru4EaAmyUuO6BGrbyQ2mYV11W0U8j5mBhd14dd3B0A=="],

    "@emnapi/core": ["@emnapi/core@1.10.0", "", { "dependencies": { "@emnapi/wasi-threads": "1.2.1", "tslib": "^2.4.0" } }, "sha512-yq6OkJ4p82CAfPl0u9mQebQHKPJkY7WrIuk205cTYnYe+k2Z8YBh11FrbRG/H6ihirqcacOgl2BIO8oyMQLeXw=="],

    "@emnapi/runtime": ["@emnapi/runtime@1.10.0", "", { "dependencies": { "tslib": "^2.4.0" } }, "sha512-ewvYlk86xUoGI0zQRNq/mC+16R1QeDlKQy21Ki3oSYXNgLb45GV1P6A0M+/s6nyCuNDqe5VpaY84BzXGwVbwFA=="],

    "@emnapi/wasi-threads": ["@emnapi/wasi-threads@1.2.1", "", { "dependencies": { "tslib": "^2.4.0" } }, "sha512-uTII7OYF+/Mes/MrcIOYp5yOtSMLBWSIoLPpcgwipoiKbli6k322tcoFsxoIIxPDqW01SQGAgko4EzZi2BNv2w=="],

    "@floating-ui/core": ["@floating-ui/core@1.7.5", "", { "dependencies": { "@floating-ui/utils": "^0.2.11" } }, "sha512-1Ih4WTWyw0+lKyFMcBHGbb5U5FtuHJuujoyyr5zTaWS5EYMeT6Jb2AuDeftsCsEuchO+mM2ij5+q9crhydzLhQ=="],

    "@floating-ui/dom": ["@floating-ui/dom@1.7.6", "", { "dependencies": { "@floating-ui/core": "^1.7.5", "@floating-ui/utils": "^0.2.11" } }, "sha512-9gZSAI5XM36880PPMm//9dfiEngYoC6Am2izES1FF406YFsjvyBMmeJ2g4SAju3xWwtuynNRFL2s9hgxpLI5SQ=="],

    "@floating-ui/utils": ["@floating-ui/utils@0.2.11", "", {}, "sha512-RiB/yIh78pcIxl6lLMG0CgBXAZ2Y0eVHqMPYugu+9U0AeT6YBeiJpf7lbdJNIugFP5SIjwNRgo4DhR1Qxi26Gg=="],

    "@floating-ui/vue": ["@floating-ui/vue@1.1.11", "", { "dependencies": { "@floating-ui/dom": "^1.7.6", "@floating-ui/utils": "^0.2.11", "vue-demi": ">=0.13.0" } }, "sha512-HzHKCNVxnGS35r9fCHBc3+uCnjw9IWIlCPL683cGgM9Kgj2BiAl8x1mS7vtvP6F9S/e/q4O6MApwSHj8hNLGfw=="],

    "@heroicons/vue": ["@heroicons/vue@2.2.0", "", { "peerDependencies": { "vue": ">= 3" } }, "sha512-G3dbSxoeEKqbi/DFalhRxJU4mTXJn7GwZ7ae8NuEQzd1bqdd0jAbdaBZlHPcvPD2xI1iGzNVB4k20Un2AguYPw=="],

    "@internationalized/date": ["@internationalized/date@3.12.1", "", { "dependencies": { "@swc/helpers": "^0.5.0" } }, "sha512-6IedsVWXyq4P9Tj+TxuU8WGWM70hYLl12nbYU8jkikVpa6WXapFazPUcHUMDMoWftIDE2ILDkFFte6W2nFCkRQ=="],

    "@internationalized/number": ["@internationalized/number@3.6.6", "", { "dependencies": { "@swc/helpers": "^0.5.0" } }, "sha512-iFgmQaXHE0vytNfpLZWOC2mEJCBRzcUxt53Xf/yCXG93lRvqas237i3r7X4RKMwO3txiyZD4mQjKAByFv6UGSQ=="],

    "@jridgewell/gen-mapping": ["@jridgewell/gen-mapping@0.3.13", "", { "dependencies": { "@jridgewell/sourcemap-codec": "^1.5.0", "@jridgewell/trace-mapping": "^0.3.24" } }, "sha512-2kkt/7niJ6MgEPxF0bYdQ6etZaA+fQvDcLKckhy1yIQOzaoKjBBjSj63/aLVjYE3qhRt5dvM+uUyfCg6UKCBbA=="],

    "@jridgewell/remapping": ["@jridgewell/remapping@2.3.5", "", { "dependencies": { "@jridgewell/gen-mapping": "^0.3.5", "@jridgewell/trace-mapping": "^0.3.24" } }, "sha512-LI9u/+laYG4Ds1TDKSJW2YPrIlcVYOwi2fUC6xB43lueCjgxV4lffOCZCtYFiH6TNOX+tQKXx97T4IKHbhyHEQ=="],

    "@jridgewell/resolve-uri": ["@jridgewell/resolve-uri@3.1.2", "", {}, "sha512-bRISgCIjP20/tbWSPWMEi54QVPRZExkuD9lJL+UIxUKtwVJA8wW1Trb1jMs1RFXo1CBTNZ/5hpC9QvmKWdopKw=="],

    "@jridgewell/sourcemap-codec": ["@jridgewell/sourcemap-codec@1.5.5", "", {}, "sha512-cYQ9310grqxueWbl+WuIUIaiUaDcj7WOq5fVhEljNVgRfOUhY9fy2zTvfoqWsnebh8Sl70VScFbICvJnLKB0Og=="],

    "@jridgewell/trace-mapping": ["@jridgewell/trace-mapping@0.3.31", "", { "dependencies": { "@jridgewell/resolve-uri": "^3.1.0", "@jridgewell/sourcemap-codec": "^1.4.14" } }, "sha512-zzNR+SdQSDJzc8joaeP8QQoCQr8NuYx2dIIytl1QeBEZHJ9uW6hebsrYgbz8hJwUQao3TWCMtmfV8Nu1twOLAw=="],

    "@napi-rs/wasm-runtime": ["@napi-rs/wasm-runtime@1.1.4", "", { "dependencies": { "@tybys/wasm-util": "^0.10.1" }, "peerDependencies": { "@emnapi/core": "^1.7.1", "@emnapi/runtime": "^1.7.1" } }, "sha512-3NQNNgA1YSlJb/kMH1ildASP9HW7/7kYnRI2szWJaofaS1hWmbGI4H+d3+22aGzXXN9IJ+n+GiFVcGipJP18ow=="],

    "@oxc-project/types": ["@oxc-project/types@0.127.0", "", {}, "sha512-aIYXQBo4lCbO4z0R3FHeucQHpF46l2LbMdxRvqvuRuW2OxdnSkcng5B8+K12spgLDj93rtN3+J2Vac/TIO+ciQ=="],

    "@oxfmt/binding-android-arm-eabi": ["@oxfmt/binding-android-arm-eabi@0.48.0", "", { "os": "android", "cpu": "arm" }, "sha512-uwqk+/KhQvBIpULD8SMM/zAafMRC/+DV/xsEQjkkIsJ/kLmEI/2bxonVowcYTiXqqZ/a0FEW8DPkZY3VvwELDA=="],

    "@oxfmt/binding-android-arm64": ["@oxfmt/binding-android-arm64@0.48.0", "", { "os": "android", "cpu": "arm64" }, "sha512-VUCiKuXK5+McVssgHEJdrcGK7hRJzrRb36zm9/jwzMholyYt4BgXhw5Nm1V1DX6Ce717Zi/1jk432b/tgmQgtQ=="],

    "@oxfmt/binding-darwin-arm64": ["@oxfmt/binding-darwin-arm64@0.48.0", "", { "os": "darwin", "cpu": "arm64" }, "sha512-IkKp8rnIyQLW6Jt+6jragCbUVYSayk55lapiprLjIVvt4NczLyO/nwX2GgefLQ5iaBdfS8UEAFgCs/pLO6Cl0w=="],

    "@oxfmt/binding-darwin-x64": ["@oxfmt/binding-darwin-x64@0.48.0", "", { "os": "darwin", "cpu": "x64" }, "sha512-+aFuhsGIuvnoOjXyKVHMhPKJZR1kQkAl8QyrKoMlA7yJsSTC3N0Asl53La8TChSHhW8epToQ/Q0nvLmEmfNmLg=="],

    "@oxfmt/binding-freebsd-x64": ["@oxfmt/binding-freebsd-x64@0.48.0", "", { "os": "freebsd", "cpu": "x64" }, "sha512-fbqzQL8FjI9gGnktI7RIo0dksDziTAYBy7xlI7jU7eID5fxLF/25fS4Xj6GydD8Y5oWHL83U4NK160QaOAxtyg=="],

    "@oxfmt/binding-linux-arm-gnueabihf": ["@oxfmt/binding-linux-arm-gnueabihf@0.48.0", "", { "os": "linux", "cpu": "arm" }, "sha512-hn4i0zhAyTiB3ZHjQfYUZkDvrbVkohw1S7pySWxWUoZ87HnkDoTFThj7QTxk40hNPOTUP0vHbPRNamFIv1HBJQ=="],

    "@oxfmt/binding-linux-arm-musleabihf": ["@oxfmt/binding-linux-arm-musleabihf@0.48.0", "", { "os": "linux", "cpu": "arm" }, "sha512-R4WBD9qF3QM9hqgdAa+fBGXmquTvDUujrPQ36t2Sjk8RPOSKGHDeN7l/khr10hqbQaOq9KCgPHG9ubNET/X/RQ=="],

    "@oxfmt/binding-linux-arm64-gnu": ["@oxfmt/binding-linux-arm64-gnu@0.48.0", "", { "os": "linux", "cpu": "arm64" }, "sha512-5bVdwSwlm1M8wbYCorLOxWxUBw/8tBvHYyQNIfwWVPwOJaj5vg1APSGJQVpwJfV5VNE9PSrR91UKEpoNwHhqUA=="],

    "@oxfmt/binding-linux-arm64-musl": ["@oxfmt/binding-linux-arm64-musl@0.48.0", "", { "os": "linux", "cpu": "arm64" }, "sha512-vCS3Fk7gFslTqE1lUE2IlroyVV7u/9SmMA/uBqDoshuck2psGWcjW0ePyPZI3rM3+qtf2pDaMVIKMHozraifuw=="],

    "@oxfmt/binding-linux-ppc64-gnu": ["@oxfmt/binding-linux-ppc64-gnu@0.48.0", "", { "os": "linux", "cpu": "ppc64" }, "sha512-gKtfFfueUClXDumyoHUbymqRf7prHejOOyzJK0eIJn93GF9JBdFHdo60TM1ZBHxkEwZvjuOgHmKtneKbEOc/Eg=="],

    "@oxfmt/binding-linux-riscv64-gnu": ["@oxfmt/binding-linux-riscv64-gnu@0.48.0", "", { "os": "linux", "cpu": "none" }, "sha512-SYt0UhOvZD/UwZz9sXq6J2uAw8o24f5VZpLB2DH01f6MevshmlgakQlZe2lwek2sZJkd07eLu7mZa0g7yeiw7Q=="],

    "@oxfmt/binding-linux-riscv64-musl": ["@oxfmt/binding-linux-riscv64-musl@0.48.0", "", { "os": "linux", "cpu": "none" }, "sha512-JLbrwck2AopG4ud/XklZO5N+qxGC7cS7ROvXZVNfx0MCLDDL2kGOLvzuWORkVjnjAM0CMAfIMU2zNBtQbM+4dw=="],

    "@oxfmt/binding-linux-s390x-gnu": ["@oxfmt/binding-linux-s390x-gnu@0.48.0", "", { "os": "linux", "cpu": "s390x" }, "sha512-mdxt5L8OQLxkQH+JVpdC/lknZNe0lX4hlO3d8+xvw2wToo+iDrid9tiGOd5bmHfUVd5wVhrUry0qlu5vq66NkQ=="],

    "@oxfmt/binding-linux-x64-gnu": ["@oxfmt/binding-linux-x64-gnu@0.48.0", "", { "os": "linux", "cpu": "x64" }, "sha512-oEz1BQwMrV7OMEFx/3VPDU3n9TM0AnxpktDYXjEg5i6nTX87wo18wSfBvkl4tzAICdKtoAQAdBIl7Y7hsPlx5w=="],

    "@oxfmt/binding-linux-x64-musl": ["@oxfmt/binding-linux-x64-musl@0.48.0", "", { "os": "linux", "cpu": "x64" }, "sha512-g2SKTTurP5mWjd8Ecait0erYqmltL4IqW1EwttM25BxM6NiTt4ubobJYMR1uox1V2QgG4UfHH10CGRvWlUixjw=="],

    "@oxfmt/binding-openharmony-arm64": ["@oxfmt/binding-openharmony-arm64@0.48.0", "", { "os": "none", "cpu": "arm64" }, "sha512-CIg24VgheEpvolHL2gQuax5qcQ602bRMHrJ9g8XsQr3iVj9aSPgopigBKuMqrXsupwkrU+RQCn5cG8PgFntR6w=="],

    "@oxfmt/binding-win32-arm64-msvc": ["@oxfmt/binding-win32-arm64-msvc@0.48.0", "", { "os": "win32", "cpu": "arm64" }, "sha512-zeaWkcxcEULwkGF3I/HgEvcDPN8buYDrxibBUa/IFh5Vmwyge+KpLO+hEwSovW349H0O/C0Z2kaFmEzEDm00/Q=="],

    "@oxfmt/binding-win32-ia32-msvc": ["@oxfmt/binding-win32-ia32-msvc@0.48.0", "", { "os": "win32", "cpu": "ia32" }, "sha512-yiEKnIAGvx5CyZQOlMaNlZkAbwT7/Quk0j3WLt+PR5hK+qYjPTRRJYDfD77wCBPLvEYAG41v4KG3iL0H+uxoxg=="],

    "@oxfmt/binding-win32-x64-msvc": ["@oxfmt/binding-win32-x64-msvc@0.48.0", "", { "os": "win32", "cpu": "x64" }, "sha512-GSD2+7t2UoVMV2NgxXypa4bKewflPMAjYnF0Xw9/ht82ZfafAHhb8STwrEd7wlH2PFogt5zw3WVCxYJaHUdbeQ=="],

    "@oxlint/binding-android-arm-eabi": ["@oxlint/binding-android-arm-eabi@1.63.0", "", { "os": "android", "cpu": "arm" }, "sha512-A9xLtQt7i0OA1PoB/meog6kikXI9CdwEp7ZwQqmgnpKn3G3b1orvTDy8CQ6T7w1HvDrgWGB78PkFKcWgibcTCg=="],

    "@oxlint/binding-android-arm64": ["@oxlint/binding-android-arm64@1.63.0", "", { "os": "android", "cpu": "arm64" }, "sha512-SQo+ZMvdR9l3CxZp5W5gFNxSiDxclY6lOzzNpKYLF8asESpm3Pwumx0gER5T7aHLF1/2BAAtLD3DiDkdgy4V1A=="],

    "@oxlint/binding-darwin-arm64": ["@oxlint/binding-darwin-arm64@1.63.0", "", { "os": "darwin", "cpu": "arm64" }, "sha512-6W82XjJDTmMnjg30427l0dufpnyLoq7wEukKdM6/g2VIybRVuQiBVh43EA4b+UxZ3+tLcKm+Or/pXGNgLCEU8g=="],

    "@oxlint/binding-darwin-x64": ["@oxlint/binding-darwin-x64@1.63.0", "", { "os": "darwin", "cpu": "x64" }, "sha512-CnWd/YCuVG5W1BYkjJEVbJG11o526O9qAwBEQM+nh8K19CRFUkFdROXCyYkGmroHEYQe4vgQ6+lh3550Lp35Xw=="],

    "@oxlint/binding-freebsd-x64": ["@oxlint/binding-freebsd-x64@1.63.0", "", { "os": "freebsd", "cpu": "x64" }, "sha512-a4eZAqrmtajqcxfdAzC+l7g3PaE3V8hpAYqqeD3fTxLXOMFdK3eNTZrU80n4dDEVm0JXy1aL5PqvqWldBl6zYA=="],

    "@oxlint/binding-linux-arm-gnueabihf": ["@oxlint/binding-linux-arm-gnueabihf@1.63.0", "", { "os": "linux", "cpu": "arm" }, "sha512-tYUtU9TdbU3uXF5D62g5zXJ13iniFGhXQx5vp9cyEjGdbSAY3VdFBSaldYvyoDmgMZ0ZYuwQP1Y4t2Fhejwa0w=="],

    "@oxlint/binding-linux-arm-musleabihf": ["@oxlint/binding-linux-arm-musleabihf@1.63.0", "", { "os": "linux", "cpu": "arm" }, "sha512-I5r3twFf776UZg9dmRo2xbrKt00tTkORXEVe0ctg4vdTkQvJAjiCHxnbAU2HL1AiJ9cqADA76MAliuilsAWnvg=="],

    "@oxlint/binding-linux-arm64-gnu": ["@oxlint/binding-linux-arm64-gnu@1.63.0", "", { "os": "linux", "cpu": "arm64" }, "sha512-t7ltUkg6FFh4b564QyGir8xIj/QZbXu8FlcRkcyW9+ztr/mfRHlvUOFd95pJCXi9s/L5DrUeWWgpXRS+V+6igQ=="],

    "@oxlint/binding-linux-arm64-musl": ["@oxlint/binding-linux-arm64-musl@1.63.0", "", { "os": "linux", "cpu": "arm64" }, "sha512-Q5mmZy/XWjuYFUuQyYjOvZ5U/JkKEwnpir6hGxhh6HcdP0V/BKxLo8dqkfF/t7r7AguB17dfS/8+go5AQDRR6g=="],

    "@oxlint/binding-linux-ppc64-gnu": ["@oxlint/binding-linux-ppc64-gnu@1.63.0", "", { "os": "linux", "cpu": "ppc64" }, "sha512-uBGtuZ0TzLB4x5wVa82HGNvYqY8buwDhyCnCP0R0gkk9szqVsP0MeTtD5HX7EsEuFIt+aYmYxuxeVxs3nTSwtQ=="],

    "@oxlint/binding-linux-riscv64-gnu": ["@oxlint/binding-linux-riscv64-gnu@1.63.0", "", { "os": "linux", "cpu": "none" }, "sha512-h4s6FwxE+9MeA181o0dnDwHP32Y/bG8EiB/vrD6Ib+AMt6haigDc/0bUtI/sLmQDBMJnUfaCmtSSrEAqjtEVrA=="],

    "@oxlint/binding-linux-riscv64-musl": ["@oxlint/binding-linux-riscv64-musl@1.63.0", "", { "os": "linux", "cpu": "none" }, "sha512-2EaNcCBR8Mcjl5ARtuN3BdEpVkX7KpjSjMGZ/mJMIeaXgTtdz5ytg2VwygMSStA/k0ixfvZFoZOfjDEcouV5vQ=="],

    "@oxlint/binding-linux-s390x-gnu": ["@oxlint/binding-linux-s390x-gnu@1.63.0", "", { "os": "linux", "cpu": "s390x" }, "sha512-p4hlf/fd7TrYYl3QrWWD0GocqJefwMu3cHQhmi2FvEB/YOvFb5DZN3SMBaPi7B1TM5DeypkEtrVib674q1KKPg=="],

    "@oxlint/binding-linux-x64-gnu": ["@oxlint/binding-linux-x64-gnu@1.63.0", "", { "os": "linux", "cpu": "x64" }, "sha512-Vgq9rkRVcPcjbcH+ihYTfpeR7vCXfqpd+z5ItTGc0yYUV59L5ceHYN1iV4H9bKGV7Rn5hkVc7x3mSvHegduENA=="],

    "@oxlint/binding-linux-x64-musl": ["@oxlint/binding-linux-x64-musl@1.63.0", "", { "os": "linux", "cpu": "x64" }, "sha512-3/Lkq/ncooA61rorrC+ZQed1Bc4VpGj+WnGsp58zmxKgvZ2vhreu+dcVyr3mX8NUpq7mfZ4gDDTou/yrF1Pd7A=="],

    "@oxlint/binding-openharmony-arm64": ["@oxlint/binding-openharmony-arm64@1.63.0", "", { "os": "none", "cpu": "arm64" }, "sha512-0/EdD/6hDkx5Mfd769PTjvEM8mZ/6Dfukp1dBCL/2PjlIVGEtYdNZyok6ChqYPsT9JcFnlQnUeQzO0/1L/oC9w=="],

    "@oxlint/binding-win32-arm64-msvc": ["@oxlint/binding-win32-arm64-msvc@1.63.0", "", { "os": "win32", "cpu": "arm64" }, "sha512-wb0CUkN8ngwPiRQBjD1Cj0LsHeNvm+Xt6YBHDMtj2DVQVD6Oj8Ri7g6BD+KICf6LaBqZlmzOvy6nF9E/8yyGOg=="],

    "@oxlint/binding-win32-ia32-msvc": ["@oxlint/binding-win32-ia32-msvc@1.63.0", "", { "os": "win32", "cpu": "ia32" }, "sha512-BX5iq+ovdNlVYhSn5qPMUIT0uwAwt2lmEnCnzK+Gkhw4DovIvhGb96OFhV8yzQNUnQxn/xGkOR+X+BLrLDNm8w=="],

    "@oxlint/binding-win32-x64-msvc": ["@oxlint/binding-win32-x64-msvc@1.63.0", "", { "os": "win32", "cpu": "x64" }, "sha512-QeN/WELOfsXMeYwxvfgQrl6CbVftYUCZsGXHjXQd5Trccm8+i4gmtxaOui4xbJQaiDlviF8F3yLSBloQUeFsfA=="],

    "@rolldown/binding-android-arm64": ["@rolldown/binding-android-arm64@1.0.0-rc.17", "", { "os": "android", "cpu": "arm64" }, "sha512-s70pVGhw4zqGeFnXWvAzJDlvxhlRollagdCCKRgOsgUOH3N1l0LIxf83AtGzmb5SiVM4Hjl5HyarMRfdfj3DaQ=="],

    "@rolldown/binding-darwin-arm64": ["@rolldown/binding-darwin-arm64@1.0.0-rc.17", "", { "os": "darwin", "cpu": "arm64" }, "sha512-4ksWc9n0mhlZpZ9PMZgTGjeOPRu8MB1Z3Tz0Mo02eWfWCHMW1zN82Qz/pL/rC+yQa+8ZnutMF0JjJe7PjwasYw=="],

    "@rolldown/binding-darwin-x64": ["@rolldown/binding-darwin-x64@1.0.0-rc.17", "", { "os": "darwin", "cpu": "x64" }, "sha512-SUSDOI6WwUVNcWxd02QEBjLdY1VPHvlEkw6T/8nYG322iYWCTxRb1vzk4E+mWWYehTp7ERibq54LSJGjmouOsw=="],

    "@rolldown/binding-freebsd-x64": ["@rolldown/binding-freebsd-x64@1.0.0-rc.17", "", { "os": "freebsd", "cpu": "x64" }, "sha512-hwnz3nw9dbJ05EDO/PvcjaaewqqDy7Y1rn1UO81l8iIK1GjenME75dl16ajbvSSMfv66WXSRCYKIqfgq2KCfxw=="],

    "@rolldown/binding-linux-arm-gnueabihf": ["@rolldown/binding-linux-arm-gnueabihf@1.0.0-rc.17", "", { "os": "linux", "cpu": "arm" }, "sha512-IS+W7epTcwANmFSQFrS1SivEXHtl1JtuQA9wlxrZTcNi6mx+FDOYrakGevvvTwgj2JvWiK8B29/qD9BELZPyXQ=="],

    "@rolldown/binding-linux-arm64-gnu": ["@rolldown/binding-linux-arm64-gnu@1.0.0-rc.17", "", { "os": "linux", "cpu": "arm64" }, "sha512-e6usGaHKW5BMNZOymS1UcEYGowQMWcgZ71Z17Sl/h2+ZziNJ1a9n3Zvcz6LdRyIW5572wBCTH/Z+bKuZouGk9Q=="],

    "@rolldown/binding-linux-arm64-musl": ["@rolldown/binding-linux-arm64-musl@1.0.0-rc.17", "", { "os": "linux", "cpu": "arm64" }, "sha512-b/CgbwAJpmrRLp02RPfhbudf5tZnN9nsPWK82znefso832etkem8H7FSZwxrOI9djcdTP7U6YfNhbRnh7djErg=="],

    "@rolldown/binding-linux-ppc64-gnu": ["@rolldown/binding-linux-ppc64-gnu@1.0.0-rc.17", "", { "os": "linux", "cpu": "ppc64" }, "sha512-4EII1iNGRUN5WwGbF/kOh/EIkoDN9HsupgLQoXfY+D1oyJm7/F4t5PYU5n8SWZgG0FEwakyM8pGgwcBYruGTlA=="],

    "@rolldown/binding-linux-s390x-gnu": ["@rolldown/binding-linux-s390x-gnu@1.0.0-rc.17", "", { "os": "linux", "cpu": "s390x" }, "sha512-AH8oq3XqQo4IibpVXvPeLDI5pzkpYn0WiZAfT05kFzoJ6tQNzwRdDYQ45M8I/gslbodRZwW8uxLhbSBbkv96rA=="],

    "@rolldown/binding-linux-x64-gnu": ["@rolldown/binding-linux-x64-gnu@1.0.0-rc.17", "", { "os": "linux", "cpu": "x64" }, "sha512-cLnjV3xfo7KslbU41Z7z8BH/E1y5mzUYzAqih1d1MDaIGZRCMqTijqLv76/P7fyHuvUcfGsIpqCdddbxLLK9rA=="],

    "@rolldown/binding-linux-x64-musl": ["@rolldown/binding-linux-x64-musl@1.0.0-rc.17", "", { "os": "linux", "cpu": "x64" }, "sha512-0phclDw1spsL7dUB37sIARuis2tAgomCJXAHZlpt8PXZ4Ba0dRP1e+66lsRqrfhISeN9bEGNjQs+T/Fbd7oYGw=="],

    "@rolldown/binding-openharmony-arm64": ["@rolldown/binding-openharmony-arm64@1.0.0-rc.17", "", { "os": "none", "cpu": "arm64" }, "sha512-0ag/hEgXOwgw4t8QyQvUCxvEg+V0KBcA6YuOx9g0r02MprutRF5dyljgm3EmR02O292UX7UeS6HzWHAl6KgyhA=="],

    "@rolldown/binding-wasm32-wasi": ["@rolldown/binding-wasm32-wasi@1.0.0-rc.17", "", { "dependencies": { "@emnapi/core": "1.10.0", "@emnapi/runtime": "1.10.0", "@napi-rs/wasm-runtime": "^1.1.4" }, "cpu": "none" }, "sha512-LEXei6vo0E5wTGwpkJ4KoT3OZJRnglwldt5ziLzOlc6qqb55z4tWNq2A+PFqCJuvWWdP53CVhG1Z9NtToDPJrA=="],

    "@rolldown/binding-win32-arm64-msvc": ["@rolldown/binding-win32-arm64-msvc@1.0.0-rc.17", "", { "os": "win32", "cpu": "arm64" }, "sha512-gUmyzBl3SPMa6hrqFUth9sVfcLBlYsbMzBx5PlexMroZStgzGqlZ26pYG89rBb45Mnia+oil6YAIFeEWGWhoZA=="],

    "@rolldown/binding-win32-x64-msvc": ["@rolldown/binding-win32-x64-msvc@1.0.0-rc.17", "", { "os": "win32", "cpu": "x64" }, "sha512-3hkiolcUAvPB9FLb3UZdfjVVNWherN1f/skkGWJP/fgSQhYUZpSIRr0/I8ZK9TkF3F7kxvJAk0+IcKvPHk9qQg=="],

    "@rolldown/pluginutils": ["@rolldown/pluginutils@1.0.0-rc.13", "", {}, "sha512-3ngTAv6F/Py35BsYbeeLeecvhMKdsKm4AoOETVhAA+Qc8nrA2I0kF7oa93mE9qnIurngOSpMnQ0x2nQY2FPviA=="],

    "@swc/helpers": ["@swc/helpers@0.5.21", "", { "dependencies": { "tslib": "^2.8.0" } }, "sha512-jI/VAmtdjB/RnI8GTnokyX7Ug8c+g+ffD6QRLa6XQewtnGyukKkKSk3wLTM3b5cjt1jNh9x0jfVlagdN2gDKQg=="],

    "@tailwindcss/node": ["@tailwindcss/node@4.2.4", "", { "dependencies": { "@jridgewell/remapping": "^2.3.5", "enhanced-resolve": "^5.19.0", "jiti": "^2.6.1", "lightningcss": "1.32.0", "magic-string": "^0.30.21", "source-map-js": "^1.2.1", "tailwindcss": "4.2.4" } }, "sha512-Ai7+yQPxz3ddrDQzFfBKdHEVBg0w3Zl83jnjuwxnZOsnH9pGn93QHQtpU0p/8rYWxvbFZHneni6p1BSLK4DkGA=="],

    "@tailwindcss/oxide": ["@tailwindcss/oxide@4.2.4", "", { "optionalDependencies": { "@tailwindcss/oxide-android-arm64": "4.2.4", "@tailwindcss/oxide-darwin-arm64": "4.2.4", "@tailwindcss/oxide-darwin-x64": "4.2.4", "@tailwindcss/oxide-freebsd-x64": "4.2.4", "@tailwindcss/oxide-linux-arm-gnueabihf": "4.2.4", "@tailwindcss/oxide-linux-arm64-gnu": "4.2.4", "@tailwindcss/oxide-linux-arm64-musl": "4.2.4", "@tailwindcss/oxide-linux-x64-gnu": "4.2.4", "@tailwindcss/oxide-linux-x64-musl": "4.2.4", "@tailwindcss/oxide-wasm32-wasi": "4.2.4", "@tailwindcss/oxide-win32-arm64-msvc": "4.2.4", "@tailwindcss/oxide-win32-x64-msvc": "4.2.4" } }, "sha512-9El/iI069DKDSXwTvB9J4BwdO5JhRrOweGaK25taBAvBXyXqJAX+Jqdvs8r8gKpsI/1m0LeJLyQYTf/WLrBT1Q=="],

    "@tailwindcss/oxide-android-arm64": ["@tailwindcss/oxide-android-arm64@4.2.4", "", { "os": "android", "cpu": "arm64" }, "sha512-e7MOr1SAn9U8KlZzPi1ZXGZHeC5anY36qjNwmZv9pOJ8E4Q6jmD1vyEHkQFmNOIN7twGPEMXRHmitN4zCMN03g=="],

    "@tailwindcss/oxide-darwin-arm64": ["@tailwindcss/oxide-darwin-arm64@4.2.4", "", { "os": "darwin", "cpu": "arm64" }, "sha512-tSC/Kbqpz/5/o/C2sG7QvOxAKqyd10bq+ypZNf+9Fi2TvbVbv1zNpcEptcsU7DPROaSbVgUXmrzKhurFvo5eDg=="],

    "@tailwindcss/oxide-darwin-x64": ["@tailwindcss/oxide-darwin-x64@4.2.4", "", { "os": "darwin", "cpu": "x64" }, "sha512-yPyUXn3yO/ufR6+Kzv0t4fCg2qNr90jxXc5QqBpjlPNd0NqyDXcmQb/6weunH/MEDXW5dhyEi+agTDiqa3WsGg=="],

    "@tailwindcss/oxide-freebsd-x64": ["@tailwindcss/oxide-freebsd-x64@4.2.4", "", { "os": "freebsd", "cpu": "x64" }, "sha512-BoMIB4vMQtZsXdGLVc2z+P9DbETkiopogfWZKbWwM8b/1Vinbs4YcUwo+kM/KeLkX3Ygrf4/PsRndKaYhS8Eiw=="],

    "@tailwindcss/oxide-linux-arm-gnueabihf": ["@tailwindcss/oxide-linux-arm-gnueabihf@4.2.4", "", { "os": "linux", "cpu": "arm" }, "sha512-7pIHBLTHYRAlS7V22JNuTh33yLH4VElwKtB3bwchK/UaKUPpQ0lPQiOWcbm4V3WP2I6fNIJ23vABIvoy2izdwA=="],

    "@tailwindcss/oxide-linux-arm64-gnu": ["@tailwindcss/oxide-linux-arm64-gnu@4.2.4", "", { "os": "linux", "cpu": "arm64" }, "sha512-+E4wxJ0ZGOzSH325reXTWB48l42i93kQqMvDyz5gqfRzRZ7faNhnmvlV4EPGJU3QJM/3Ab5jhJ5pCRUsKn6OQw=="],

    "@tailwindcss/oxide-linux-arm64-musl": ["@tailwindcss/oxide-linux-arm64-musl@4.2.4", "", { "os": "linux", "cpu": "arm64" }, "sha512-bBADEGAbo4ASnppIziaQJelekCxdMaxisrk+fB7Thit72IBnALp9K6ffA2G4ruj90G9XRS2VQ6q2bCKbfFV82g=="],

    "@tailwindcss/oxide-linux-x64-gnu": ["@tailwindcss/oxide-linux-x64-gnu@4.2.4", "", { "os": "linux", "cpu": "x64" }, "sha512-7Mx25E4WTfnht0TVRTyC00j3i0M+EeFe7wguMDTlX4mRxafznw0CA8WJkFjWYH5BlgELd1kSjuU2JiPnNZbJDA=="],

    "@tailwindcss/oxide-linux-x64-musl": ["@tailwindcss/oxide-linux-x64-musl@4.2.4", "", { "os": "linux", "cpu": "x64" }, "sha512-2wwJRF7nyhOR0hhHoChc04xngV3iS+akccHTGtz965FwF0up4b2lOdo6kI1EbDaEXKgvcrFBYcYQQ/rrnWFVfA=="],

    "@tailwindcss/oxide-wasm32-wasi": ["@tailwindcss/oxide-wasm32-wasi@4.2.4", "", { "dependencies": { "@emnapi/core": "^1.8.1", "@emnapi/runtime": "^1.8.1", "@emnapi/wasi-threads": "^1.1.0", "@napi-rs/wasm-runtime": "^1.1.1", "@tybys/wasm-util": "^0.10.1", "tslib": "^2.8.1" }, "cpu": "none" }, "sha512-FQsqApeor8Fo6gUEklzmaa9994orJZZDBAlQpK2Mq+DslRKFJeD6AjHpBQ0kZFQohVr8o85PPh8eOy86VlSCmw=="],

    "@tailwindcss/oxide-win32-arm64-msvc": ["@tailwindcss/oxide-win32-arm64-msvc@4.2.4", "", { "os": "win32", "cpu": "arm64" }, "sha512-L9BXqxC4ToVgwMFqj3pmZRqyHEztulpUJzCxUtLjobMCzTPsGt1Fa9enKbOpY2iIyVtaHNeNvAK8ERP/64sqGQ=="],

    "@tailwindcss/oxide-win32-x64-msvc": ["@tailwindcss/oxide-win32-x64-msvc@4.2.4", "", { "os": "win32", "cpu": "x64" }, "sha512-ESlKG0EpVJQwRjXDDa9rLvhEAh0mhP1sF7sap9dNZT0yyl9SAG6T7gdP09EH0vIv0UNTlo6jPWyujD6559fZvw=="],

    "@tailwindcss/vite": ["@tailwindcss/vite@4.2.4", "", { "dependencies": { "@tailwindcss/node": "4.2.4", "@tailwindcss/oxide": "4.2.4", "tailwindcss": "4.2.4" }, "peerDependencies": { "vite": "^5.2.0 || ^6 || ^7 || ^8" } }, "sha512-pCvohwOCspk3ZFn6eJzrrX3g4n2JY73H6MmYC87XfGPyTty4YsCjYTMArRZm/zOI8dIt3+EcrLHAFPe5A4bgtw=="],

    "@tanstack/virtual-core": ["@tanstack/virtual-core@3.14.0", "", {}, "sha512-JLANqGy/D6k4Ujmh8Tr25lGimuOXNiaVyXaCAZS0W+1390sADdGnyUdSWNIfd49gebtIxGMij4IktRVzrdr12Q=="],

    "@tanstack/vue-virtual": ["@tanstack/vue-virtual@3.13.24", "", { "dependencies": { "@tanstack/virtual-core": "3.14.0" }, "peerDependencies": { "vue": "^2.7.0 || ^3.0.0" } }, "sha512-A0k2qF0zFSUStXSZkGXABouXr2Tw2Ztl/cVIYG9qy84uR8W7UNjAcX3DvzBS3YnDcwvLxab8v7dbmYBZ39itDA=="],

    "@tybys/wasm-util": ["@tybys/wasm-util@0.10.1", "", { "dependencies": { "tslib": "^2.4.0" } }, "sha512-9tTaPJLSiejZKx+Bmog4uSubteqTvFrVrURwkmHixBo0G4seD0zUxp98E1DzUBJxLQ3NPwXrGKDiVjwx/DpPsg=="],

    "@types/web-bluetooth": ["@types/web-bluetooth@0.0.21", "", {}, "sha512-oIQLCGWtcFZy2JW77j9k8nHzAOpqMHLQejDA48XXMWH6tjCQHz5RCFz1bzsmROyL6PUm+LLnUiI4BCn221inxA=="],

    "@vitejs/plugin-vue": ["@vitejs/plugin-vue@6.0.6", "", { "dependencies": { "@rolldown/pluginutils": "1.0.0-rc.13" }, "peerDependencies": { "vite": "^5.0.0 || ^6.0.0 || ^7.0.0 || ^8.0.0", "vue": "^3.2.25" } }, "sha512-u9HHgfrq3AjXlysn0eINFnWQOJQLO9WN6VprZ8FXl7A2bYisv3Hui9Ij+7QZ41F/WYWarHjwBbXtD7dKg3uxbg=="],

    "@vue-macros/common": ["@vue-macros/common@3.1.2", "", { "dependencies": { "@vue/compiler-sfc": "^3.5.22", "ast-kit": "^2.1.2", "local-pkg": "^1.1.2", "magic-string-ast": "^1.0.2", "unplugin-utils": "^0.3.0" }, "peerDependencies": { "vue": "^2.7.0 || ^3.2.25" }, "optionalPeers": ["vue"] }, "sha512-h9t4ArDdniO9ekYHAD95t9AZcAbb19lEGK+26iAjUODOIJKmObDNBSe4+6ELQAA3vtYiFPPBtHh7+cQCKi3Dng=="],

    "@vue/compiler-core": ["@vue/compiler-core@3.5.33", "", { "dependencies": { "@babel/parser": "^7.29.2", "@vue/shared": "3.5.33", "entities": "^7.0.1", "estree-walker": "^2.0.2", "source-map-js": "^1.2.1" } }, "sha512-3PZLQwFw4Za3TC8t0FvTy3wI16Kt+pmwcgNZca4Pj9iWL2E72a/gZlpBtAJvEdDMdCxdG/qq0C7PN0bsJuv0Rw=="],

    "@vue/compiler-dom": ["@vue/compiler-dom@3.5.33", "", { "dependencies": { "@vue/compiler-core": "3.5.33", "@vue/shared": "3.5.33" } }, "sha512-PXq0yrfCLzzL07rbXO4awtXY1Z06LG2eu6Adg3RJFa/j3Cii217XxxLXG22N330gw7GmALCY0Z8RgXEviwgpjA=="],

    "@vue/compiler-sfc": ["@vue/compiler-sfc@3.5.33", "", { "dependencies": { "@babel/parser": "^7.29.2", "@vue/compiler-core": "3.5.33", "@vue/compiler-dom": "3.5.33", "@vue/compiler-ssr": "3.5.33", "@vue/shared": "3.5.33", "estree-walker": "^2.0.2", "magic-string": "^0.30.21", "postcss": "^8.5.10", "source-map-js": "^1.2.1" } }, "sha512-UTUvRO9cY+rROrx/pvN9P5Z7FgA6QGfokUCfhQE4EnmUj3rVnK+CHI0LsEO1pg+I7//iRYMUfcNcCPe7tg0CoA=="],

    "@vue/compiler-ssr": ["@vue/compiler-ssr@3.5.33", "", { "dependencies": { "@vue/compiler-dom": "3.5.33", "@vue/shared": "3.5.33" } }, "sha512-IErjYdnj1qIupG5xxiVIYiiRvDhGWV4zuh/RCrwfYpuL+HWQzeU6lCk/nF9r7olWMnjKxCAkOctT2qFWFkzb1A=="],

    "@vue/devtools-api": ["@vue/devtools-api@8.1.1", "", { "dependencies": { "@vue/devtools-kit": "^8.1.1" } }, "sha512-bsDMJ07b3GN1puVwJb/fyFnj/U2imyswK5UQVLZwVl7O05jDrt6BHxeG5XffmOOdasOj/bOmIjxJvGPxU7pcqw=="],

    "@vue/devtools-kit": ["@vue/devtools-kit@8.1.1", "", { "dependencies": { "@vue/devtools-shared": "^8.1.1", "birpc": "^2.6.1", "hookable": "^5.5.3", "perfect-debounce": "^2.0.0" } }, "sha512-gVBaBv++i+adg4JpH71k9ppl4soyR7Y2McEqO5YNgv0BI1kMZ7BDX5gnwkZ5COYgiCyhejZG+yGNrBAjj6Coqg=="],

    "@vue/devtools-shared": ["@vue/devtools-shared@8.1.1", "", {}, "sha512-+h4ttmJYl/txpxHKaoZcaKpC+pvckgLzIDiSQlaQ7kKthKh8KuwoLW2D8hPJEnqKzXOvu15UHEoGyngAXCz0EQ=="],

    "@vue/reactivity": ["@vue/reactivity@3.5.33", "", { "dependencies": { "@vue/shared": "3.5.33" } }, "sha512-p8UfIqyIhb0rYGlSgSBV+lPhF2iUSBcRy7enhTmPqKWadHy9kcOFYF1AejYBP9P+avnd3OBbD49DU4pLWX/94A=="],

    "@vue/runtime-core": ["@vue/runtime-core@3.5.33", "", { "dependencies": { "@vue/reactivity": "3.5.33", "@vue/shared": "3.5.33" } }, "sha512-UpFF45RI9//a7rvq7RdOQblb4tup7hHG9QsmIrxkFQLzQ7R8/iNQ5LE15NhLZ1/WcHMU2b47u6P33CPUelHyIQ=="],

    "@vue/runtime-dom": ["@vue/runtime-dom@3.5.33", "", { "dependencies": { "@vue/reactivity": "3.5.33", "@vue/runtime-core": "3.5.33", "@vue/shared": "3.5.33", "csstype": "^3.2.3" } }, "sha512-IOxMsAOwquhfITgmOgaPYl7/j8gKUxUFoflRc+u4LxyD3+783xne8vNta1PONVCvCV9A0w7hkyEepINDqfO0tw=="],

    "@vue/server-renderer": ["@vue/server-renderer@3.5.33", "", { "dependencies": { "@vue/compiler-ssr": "3.5.33", "@vue/shared": "3.5.33" }, "peerDependencies": { "vue": "3.5.33" } }, "sha512-0xylq/8/h44lVG0pZFknv1XIdEgymq2E9n59uTWJBG+dIgiT0TMCSsxrN7nO16Z0MU0MPjFcguBbZV8Itk52Hw=="],

    "@vue/shared": ["@vue/shared@3.5.33", "", {}, "sha512-5vR2QIlmaLG77Ygd4pMP6+SGQ5yox9VhtnbDWTy9DzMzdmeLxZ1QqxrywEZ9sa1AVubfIJyaCG3ytyWU81ufcQ=="],

    "@vueuse/core": ["@vueuse/core@14.3.0", "", { "dependencies": { "@types/web-bluetooth": "^0.0.21", "@vueuse/metadata": "14.3.0", "@vueuse/shared": "14.3.0" }, "peerDependencies": { "vue": "^3.5.0" } }, "sha512-aHfz47g0ZhMtTVHmIzMVpJy8ePhhOy68GY5bv110+5DVtZ+W7BsOx+m61UNQqfrWyPztIHIanWa3E2tib3NFIw=="],

    "@vueuse/metadata": ["@vueuse/metadata@14.3.0", "", {}, "sha512-BwxmbAzwAVF50+MW57GXOUEV61nFBGnlBvrTqj49PqWJu3uw7hdu72ztXeZ33RdZtDY6kO+bfCAE1PCn88Tktw=="],

    "@vueuse/shared": ["@vueuse/shared@14.3.0", "", { "peerDependencies": { "vue": "^3.5.0" } }, "sha512-bZpge9eSXwa4ToSiqJ7j6KRwhAsneMFoSz3LMWKQDkqimm3D/tbFlrklrs/IOqC8tEcYmXQZJ6N0UrjhBirVCg=="],

    "acorn": ["acorn@8.16.0", "", { "bin": { "acorn": "bin/acorn" } }, "sha512-UVJyE9MttOsBQIDKw1skb9nAwQuR5wuGD3+82K6JgJlm/Y+KI92oNsMNGZCYdDsVtRHSak0pcV5Dno5+4jh9sw=="],

    "aria-hidden": ["aria-hidden@1.2.6", "", { "dependencies": { "tslib": "^2.0.0" } }, "sha512-ik3ZgC9dY/lYVVM++OISsaYDeg1tb0VtP5uL3ouh1koGOaUMDPpbFIei4JkFimWUFPn90sbMNMXQAIVOlnYKJA=="],

    "ast-kit": ["ast-kit@2.2.0", "", { "dependencies": { "@babel/parser": "^7.28.5", "pathe": "^2.0.3" } }, "sha512-m1Q/RaVOnTp9JxPX+F+Zn7IcLYMzM8kZofDImfsKZd8MbR+ikdOzTeztStWqfrqIxZnYWryyI9ePm3NGjnZgGw=="],

    "ast-walker-scope": ["ast-walker-scope@0.8.3", "", { "dependencies": { "@babel/parser": "^7.28.4", "ast-kit": "^2.1.3" } }, "sha512-cbdCP0PGOBq0ASG+sjnKIoYkWMKhhz+F/h9pRexUdX2Hd38+WOlBkRKlqkGOSm0YQpcFMQBJeK4WspUAkwsEdg=="],

    "birpc": ["birpc@2.9.0", "", {}, "sha512-KrayHS5pBi69Xi9JmvoqrIgYGDkD6mcSe/i6YKi3w5kekCLzrX4+nawcXqrj2tIp50Kw/mT/s3p+GVK0A0sKxw=="],

    "chokidar": ["chokidar@5.0.0", "", { "dependencies": { "readdirp": "^5.0.0" } }, "sha512-TQMmc3w+5AxjpL8iIiwebF73dRDF4fBIieAqGn9RGCWaEVwQ6Fb2cGe31Yns0RRIzii5goJ1Y7xbMwo1TxMplw=="],

    "classnames": ["classnames@2.5.1", "", {}, "sha512-saHYOzhIQs6wy2sVxTM6bUDsQO4F50V9RQ22qBpEdCW+I+/Wmke2HOl6lS6dTpdxVhb88/I6+Hs+438c3lfUow=="],

    "confbox": ["confbox@0.2.4", "", {}, "sha512-ysOGlgTFbN2/Y6Cg3Iye8YKulHw+R2fNXHrgSmXISQdMnomY6eNDprVdW9R5xBguEqI954+S6709UyiO7B+6OQ=="],

    "csstype": ["csstype@3.2.3", "", {}, "sha512-z1HGKcYy2xA8AGQfwrn0PAy+PB7X/GSj3UVJW9qKyn43xWa+gl5nXmU4qqLMRzWVLFC8KusUX8T/0kCiOYpAIQ=="],

    "debounce": ["debounce@1.2.1", "", {}, "sha512-XRRe6Glud4rd/ZGQfiV1ruXSfbvfJedlV9Y6zOlP+2K04vBYiJEte6stfFkCP03aMnY5tsipamumUjL14fofug=="],

    "defu": ["defu@6.1.7", "", {}, "sha512-7z22QmUWiQ/2d0KkdYmANbRUVABpZ9SNYyH5vx6PZ+nE5bcC0l7uFvEfHlyld/HcGBFTL536ClDt3DEcSlEJAQ=="],

    "detect-libc": ["detect-libc@2.1.2", "", {}, "sha512-Btj2BOOO83o3WyH59e8MgXsxEQVcarkUOpEYrubB0urwnN10yQ364rsiByU11nZlqWYZm05i/of7io4mzihBtQ=="],

    "easy-bem": ["easy-bem@1.1.1", "", {}, "sha512-GJRqdiy2h+EXy6a8E6R+ubmqUM08BK0FWNq41k24fup6045biQ8NXxoXimiwegMQvFFV3t1emADdGNL1TlS61A=="],

    "enhanced-resolve": ["enhanced-resolve@5.21.0", "", { "dependencies": { "graceful-fs": "^4.2.4", "tapable": "^2.3.3" } }, "sha512-otxSQPw4lkOZWkHpB3zaEQs6gWYEsmX4xQF68ElXC/TWvGxGMSGOvoNbaLXm6/cS/fSfHtsEdw90y20PCd+sCA=="],

    "entities": ["entities@7.0.1", "", {}, "sha512-TWrgLOFUQTH994YUyl1yT4uyavY5nNB5muff+RtWaqNVCAK408b5ZnnbNAUEWLTCpum9w6arT70i1XdQ4UeOPA=="],

    "estree-walker": ["estree-walker@2.0.2", "", {}, "sha512-Rfkk/Mp/DL7JVje3u18FxFujQlTNR2q6QfMSMB7AvCBx91NGj/ba3kCfza0f6dVDbw7YlRf/nDrn7pQrCCyQ/w=="],

    "exsolve": ["exsolve@1.0.8", "", {}, "sha512-LmDxfWXwcTArk8fUEnOfSZpHOJ6zOMUJKOtFLFqJLoKJetuQG874Uc7/Kki7zFLzYybmZhp1M7+98pfMqeX8yA=="],

    "fdir": ["fdir@6.5.0", "", { "peerDependencies": { "picomatch": "^3 || ^4" }, "optionalPeers": ["picomatch"] }, "sha512-tIbYtZbucOs0BRGqPJkshJUYdL+SDH7dVM8gjy+ERp3WAUjLEFJE+02kanyHtwjWOnwrKYBiwAmM0p4kLJAnXg=="],

    "fsevents": ["fsevents@2.3.3", "", { "os": "darwin" }, "sha512-5xoDfX+fL7faATnagmWPpbFtwh/R77WmMMqqHGS65C3vvB0YHrgF+B1YmZ3441tMj5n63k0212XNoJwzlhffQw=="],

    "graceful-fs": ["graceful-fs@4.2.11", "", {}, "sha512-RbJ5/jmFcNNCcDV5o9eTnBLJ/HszWV0P73bc+Ff4nS/rJj+YaS6IGyiOL0VoBYX+l1Wrl3k63h/KrH+nhJ0XvQ=="],

    "hookable": ["hookable@5.5.3", "", {}, "sha512-Yc+BQe8SvoXH1643Qez1zqLRmbA5rCL+sSmk6TVos0LWVfNIB7PGncdlId77WzLGSIB5KaWgTaNTs2lNVEI6VQ=="],

    "jiti": ["jiti@2.6.1", "", { "bin": { "jiti": "lib/jiti-cli.mjs" } }, "sha512-ekilCSN1jwRvIbgeg/57YFh8qQDNbwDb9xT/qu2DAHbFFZUicIl4ygVaAvzveMhMVr3LnpSKTNnwt8PoOfmKhQ=="],

    "jsesc": ["jsesc@3.1.0", "", { "bin": { "jsesc": "bin/jsesc" } }, "sha512-/sM3dO2FOzXjKQhJuo0Q173wf2KOo8t4I8vHy6lF9poUp7bKT0/NHE8fPX23PwfhnykfqnC2xRxOnVw5XuGIaA=="],

    "json5": ["json5@2.2.3", "", { "bin": { "json5": "lib/cli.js" } }, "sha512-XmOWe7eyHYH14cLdVPoyg+GOH3rYX++KpzrylJwSW98t3Nk+U8XOl8FWKOgwtzdb8lXGf6zYwDUzeHMWfxasyg=="],

    "lightningcss": ["lightningcss@1.32.0", "", { "dependencies": { "detect-libc": "^2.0.3" }, "optionalDependencies": { "lightningcss-android-arm64": "1.32.0", "lightningcss-darwin-arm64": "1.32.0", "lightningcss-darwin-x64": "1.32.0", "lightningcss-freebsd-x64": "1.32.0", "lightningcss-linux-arm-gnueabihf": "1.32.0", "lightningcss-linux-arm64-gnu": "1.32.0", "lightningcss-linux-arm64-musl": "1.32.0", "lightningcss-linux-x64-gnu": "1.32.0", "lightningcss-linux-x64-musl": "1.32.0", "lightningcss-win32-arm64-msvc": "1.32.0", "lightningcss-win32-x64-msvc": "1.32.0" } }, "sha512-NXYBzinNrblfraPGyrbPoD19C1h9lfI/1mzgWYvXUTe414Gz/X1FD2XBZSZM7rRTrMA8JL3OtAaGifrIKhQ5yQ=="],

    "lightningcss-android-arm64": ["lightningcss-android-arm64@1.32.0", "", { "os": "android", "cpu": "arm64" }, "sha512-YK7/ClTt4kAK0vo6w3X+Pnm0D2cf2vPHbhOXdoNti1Ga0al1P4TBZhwjATvjNwLEBCnKvjJc2jQgHXH0NEwlAg=="],

    "lightningcss-darwin-arm64": ["lightningcss-darwin-arm64@1.32.0", "", { "os": "darwin", "cpu": "arm64" }, "sha512-RzeG9Ju5bag2Bv1/lwlVJvBE3q6TtXskdZLLCyfg5pt+HLz9BqlICO7LZM7VHNTTn/5PRhHFBSjk5lc4cmscPQ=="],

    "lightningcss-darwin-x64": ["lightningcss-darwin-x64@1.32.0", "", { "os": "darwin", "cpu": "x64" }, "sha512-U+QsBp2m/s2wqpUYT/6wnlagdZbtZdndSmut/NJqlCcMLTWp5muCrID+K5UJ6jqD2BFshejCYXniPDbNh73V8w=="],

    "lightningcss-freebsd-x64": ["lightningcss-freebsd-x64@1.32.0", "", { "os": "freebsd", "cpu": "x64" }, "sha512-JCTigedEksZk3tHTTthnMdVfGf61Fky8Ji2E4YjUTEQX14xiy/lTzXnu1vwiZe3bYe0q+SpsSH/CTeDXK6WHig=="],

    "lightningcss-linux-arm-gnueabihf": ["lightningcss-linux-arm-gnueabihf@1.32.0", "", { "os": "linux", "cpu": "arm" }, "sha512-x6rnnpRa2GL0zQOkt6rts3YDPzduLpWvwAF6EMhXFVZXD4tPrBkEFqzGowzCsIWsPjqSK+tyNEODUBXeeVHSkw=="],

    "lightningcss-linux-arm64-gnu": ["lightningcss-linux-arm64-gnu@1.32.0", "", { "os": "linux", "cpu": "arm64" }, "sha512-0nnMyoyOLRJXfbMOilaSRcLH3Jw5z9HDNGfT/gwCPgaDjnx0i8w7vBzFLFR1f6CMLKF8gVbebmkUN3fa/kQJpQ=="],

    "lightningcss-linux-arm64-musl": ["lightningcss-linux-arm64-musl@1.32.0", "", { "os": "linux", "cpu": "arm64" }, "sha512-UpQkoenr4UJEzgVIYpI80lDFvRmPVg6oqboNHfoH4CQIfNA+HOrZ7Mo7KZP02dC6LjghPQJeBsvXhJod/wnIBg=="],

    "lightningcss-linux-x64-gnu": ["lightningcss-linux-x64-gnu@1.32.0", "", { "os": "linux", "cpu": "x64" }, "sha512-V7Qr52IhZmdKPVr+Vtw8o+WLsQJYCTd8loIfpDaMRWGUZfBOYEJeyJIkqGIDMZPwPx24pUMfwSxxI8phr/MbOA=="],

    "lightningcss-linux-x64-musl": ["lightningcss-linux-x64-musl@1.32.0", "", { "os": "linux", "cpu": "x64" }, "sha512-bYcLp+Vb0awsiXg/80uCRezCYHNg1/l3mt0gzHnWV9XP1W5sKa5/TCdGWaR/zBM2PeF/HbsQv/j2URNOiVuxWg=="],

    "lightningcss-win32-arm64-msvc": ["lightningcss-win32-arm64-msvc@1.32.0", "", { "os": "win32", "cpu": "arm64" }, "sha512-8SbC8BR40pS6baCM8sbtYDSwEVQd4JlFTOlaD3gWGHfThTcABnNDBda6eTZeqbofalIJhFx0qKzgHJmcPTnGdw=="],

    "lightningcss-win32-x64-msvc": ["lightningcss-win32-x64-msvc@1.32.0", "", { "os": "win32", "cpu": "x64" }, "sha512-Amq9B/SoZYdDi1kFrojnoqPLxYhQ4Wo5XiL8EVJrVsB8ARoC1PWW6VGtT0WKCemjy8aC+louJnjS7U18x3b06Q=="],

    "local-pkg": ["local-pkg@1.1.2", "", { "dependencies": { "mlly": "^1.7.4", "pkg-types": "^2.3.0", "quansync": "^0.2.11" } }, "sha512-arhlxbFRmoQHl33a0Zkle/YWlmNwoyt6QNZEIJcqNbdrsix5Lvc4HyyI3EnwxTYlZYc32EbYrQ8SzEZ7dqgg9A=="],

    "magic-string": ["magic-string@0.30.21", "", { "dependencies": { "@jridgewell/sourcemap-codec": "^1.5.5" } }, "sha512-vd2F4YUyEXKGcLHoq+TEyCjxueSeHnFxyyjNp80yg0XV4vUhnDer/lvvlqM/arB5bXQN5K2/3oinyCRyx8T2CQ=="],

    "magic-string-ast": ["magic-string-ast@1.0.3", "", { "dependencies": { "magic-string": "^0.30.19" } }, "sha512-CvkkH1i81zl7mmb94DsRiFeG9V2fR2JeuK8yDgS8oiZSFa++wWLEgZ5ufEOyLHbvSbD1gTRKv9NdX69Rnvr9JA=="],

    "mlly": ["mlly@1.8.2", "", { "dependencies": { "acorn": "^8.16.0", "pathe": "^2.0.3", "pkg-types": "^1.3.1", "ufo": "^1.6.3" } }, "sha512-d+ObxMQFmbt10sretNDytwt85VrbkhhUA/JBGm1MPaWJ65Cl4wOgLaB1NYvJSZ0Ef03MMEU/0xpPMXUIQ29UfA=="],

    "muggle-string": ["muggle-string@0.4.1", "", {}, "sha512-VNTrAak/KhO2i8dqqnqnAHOa3cYBwXEZe9h+D5h/1ZqFSTEFHdM65lR7RoIqq3tBBYavsOXV84NoHXZ0AkPyqQ=="],

    "nanoid": ["nanoid@3.3.12", "", { "bin": { "nanoid": "bin/nanoid.cjs" } }, "sha512-ZB9RH/39qpq5Vu6Y+NmUaFhQR6pp+M2Xt76XBnEwDaGcVAqhlvxrl3B2bKS5D3NH3QR76v3aSrKaF/Kiy7lEtQ=="],

    "ohash": ["ohash@2.0.11", "", {}, "sha512-RdR9FQrFwNBNXAr4GixM8YaRZRJ5PUWbKYbE5eOsrwAjJW0q2REGcf79oYPsLyskQCZG1PLN+S/K1V00joZAoQ=="],

    "oxfmt": ["oxfmt@0.48.0", "", { "dependencies": { "tinypool": "2.1.0" }, "optionalDependencies": { "@oxfmt/binding-android-arm-eabi": "0.48.0", "@oxfmt/binding-android-arm64": "0.48.0", "@oxfmt/binding-darwin-arm64": "0.48.0", "@oxfmt/binding-darwin-x64": "0.48.0", "@oxfmt/binding-freebsd-x64": "0.48.0", "@oxfmt/binding-linux-arm-gnueabihf": "0.48.0", "@oxfmt/binding-linux-arm-musleabihf": "0.48.0", "@oxfmt/binding-linux-arm64-gnu": "0.48.0", "@oxfmt/binding-linux-arm64-musl": "0.48.0", "@oxfmt/binding-linux-ppc64-gnu": "0.48.0", "@oxfmt/binding-linux-riscv64-gnu": "0.48.0", "@oxfmt/binding-linux-riscv64-musl": "0.48.0", "@oxfmt/binding-linux-s390x-gnu": "0.48.0", "@oxfmt/binding-linux-x64-gnu": "0.48.0", "@oxfmt/binding-linux-x64-musl": "0.48.0", "@oxfmt/binding-openharmony-arm64": "0.48.0", "@oxfmt/binding-win32-arm64-msvc": "0.48.0", "@oxfmt/binding-win32-ia32-msvc": "0.48.0", "@oxfmt/binding-win32-x64-msvc": "0.48.0" }, "bin": { "oxfmt": "bin/oxfmt" } }, "sha512-AVaLh+7XeGx+R1zfFV+f6VV61nT2MWVJXVUDhbTm5LBWGyNt64xAyh3NYYyjeY2WykNt9AvqSQLPHcbWquYF9g=="],

    "oxlint": ["oxlint@1.63.0", "", { "optionalDependencies": { "@oxlint/binding-android-arm-eabi": "1.63.0", "@oxlint/binding-android-arm64": "1.63.0", "@oxlint/binding-darwin-arm64": "1.63.0", "@oxlint/binding-darwin-x64": "1.63.0", "@oxlint/binding-freebsd-x64": "1.63.0", "@oxlint/binding-linux-arm-gnueabihf": "1.63.0", "@oxlint/binding-linux-arm-musleabihf": "1.63.0", "@oxlint/binding-linux-arm64-gnu": "1.63.0", "@oxlint/binding-linux-arm64-musl": "1.63.0", "@oxlint/binding-linux-ppc64-gnu": "1.63.0", "@oxlint/binding-linux-riscv64-gnu": "1.63.0", "@oxlint/binding-linux-riscv64-musl": "1.63.0", "@oxlint/binding-linux-s390x-gnu": "1.63.0", "@oxlint/binding-linux-x64-gnu": "1.63.0", "@oxlint/binding-linux-x64-musl": "1.63.0", "@oxlint/binding-openharmony-arm64": "1.63.0", "@oxlint/binding-win32-arm64-msvc": "1.63.0", "@oxlint/binding-win32-ia32-msvc": "1.63.0", "@oxlint/binding-win32-x64-msvc": "1.63.0" }, "peerDependencies": { "oxlint-tsgolint": ">=0.22.1" }, "optionalPeers": ["oxlint-tsgolint"], "bin": { "oxlint": "bin/oxlint" } }, "sha512-9TGXetdjgIHOJ9OiReomP7nnrMkV9HxC1xM2ramJSLQpzxjsAJtQwa4wqkJN2f/uCrqZuJseFuSlWDdvcruveg=="],

    "pathe": ["pathe@2.0.3", "", {}, "sha512-WUjGcAqP1gQacoQe+OBJsFA7Ld4DyXuUIjZ5cc75cLHvJ7dtNsTugphxIADwspS+AraAUePCKrSVtPLFj/F88w=="],

    "perfect-debounce": ["perfect-debounce@2.1.0", "", {}, "sha512-LjgdTytVFXeUgtHZr9WYViYSM/g8MkcTPYDlPa3cDqMirHjKiSZPYd6DoL7pK8AJQr+uWkQvCjHNdiMqsrJs+g=="],

    "picocolors": ["picocolors@1.1.1", "", {}, "sha512-xceH2snhtb5M9liqDsmEw56le376mTZkEX/jEb/RxNFyegNul7eNslCXP9FDj/Lcu0X8KEyMceP2ntpaHrDEVA=="],

    "picomatch": ["picomatch@4.0.4", "", {}, "sha512-QP88BAKvMam/3NxH6vj2o21R6MjxZUAd6nlwAS/pnGvN9IVLocLHxGYIzFhg6fUQ+5th6P4dv4eW9jX3DSIj7A=="],

    "pkg-types": ["pkg-types@2.3.1", "", { "dependencies": { "confbox": "^0.2.4", "exsolve": "^1.0.8", "pathe": "^2.0.3" } }, "sha512-y+ichcgc2LrADuhLNAx8DFjVfgz91pRxfZdI3UDhxHvcVEZsenLO+7XaU5vOp0u/7V/wZ+plyuQxtrDlZJ+yeg=="],

    "postcss": ["postcss@8.5.13", "", { "dependencies": { "nanoid": "^3.3.11", "picocolors": "^1.1.1", "source-map-js": "^1.2.1" } }, "sha512-qif0+jGGZoLWdHey3UFHHWP0H7Gbmsk8T5VEqyYFbWqPr1XqvLGBbk/sl8V5exGmcYJklJOhOQq1pV9IcsiFag=="],

    "quansync": ["quansync@0.2.11", "", {}, "sha512-AifT7QEbW9Nri4tAwR5M/uzpBuqfZf+zwaEM/QkzEjj7NBuFD2rBuy0K3dE+8wltbezDV7JMA0WfnCPYRSYbXA=="],

    "readdirp": ["readdirp@5.0.0", "", {}, "sha512-9u/XQ1pvrQtYyMpZe7DXKv2p5CNvyVwzUB6uhLAnQwHMSgKMBR62lc7AHljaeteeHXn11XTAaLLUVZYVZyuRBQ=="],

    "reka-ui": ["reka-ui@2.9.6", "", { "dependencies": { "@floating-ui/dom": "^1.6.13", "@floating-ui/vue": "^1.1.6", "@internationalized/date": "^3.5.0", "@internationalized/number": "^3.5.0", "@tanstack/vue-virtual": "^3.12.0", "@vueuse/core": "^14.1.0", "@vueuse/shared": "^14.1.0", "aria-hidden": "^1.2.4", "defu": "^6.1.5", "ohash": "^2.0.11" }, "peerDependencies": { "vue": ">= 3.4.0" } }, "sha512-K6bL457owpvWONc7hsjFxo3HDC9s6IzhRqShW0w9JSKelPGfRbkHD558UQTn/NH1cvrXVHygKyC7fExFmRketg=="],

    "rolldown": ["rolldown@1.0.0-rc.17", "", { "dependencies": { "@oxc-project/types": "=0.127.0", "@rolldown/pluginutils": "1.0.0-rc.17" }, "optionalDependencies": { "@rolldown/binding-android-arm64": "1.0.0-rc.17", "@rolldown/binding-darwin-arm64": "1.0.0-rc.17", "@rolldown/binding-darwin-x64": "1.0.0-rc.17", "@rolldown/binding-freebsd-x64": "1.0.0-rc.17", "@rolldown/binding-linux-arm-gnueabihf": "1.0.0-rc.17", "@rolldown/binding-linux-arm64-gnu": "1.0.0-rc.17", "@rolldown/binding-linux-arm64-musl": "1.0.0-rc.17", "@rolldown/binding-linux-ppc64-gnu": "1.0.0-rc.17", "@rolldown/binding-linux-s390x-gnu": "1.0.0-rc.17", "@rolldown/binding-linux-x64-gnu": "1.0.0-rc.17", "@rolldown/binding-linux-x64-musl": "1.0.0-rc.17", "@rolldown/binding-openharmony-arm64": "1.0.0-rc.17", "@rolldown/binding-wasm32-wasi": "1.0.0-rc.17", "@rolldown/binding-win32-arm64-msvc": "1.0.0-rc.17", "@rolldown/binding-win32-x64-msvc": "1.0.0-rc.17" }, "bin": { "rolldown": "bin/cli.mjs" } }, "sha512-ZrT53oAKrtA4+YtBWPQbtPOxIbVDbxT0orcYERKd63VJTF13zPcgXTvD4843L8pcsI7M6MErt8QtON6lrB9tyA=="],

    "scule": ["scule@1.3.0", "", {}, "sha512-6FtHJEvt+pVMIB9IBY+IcCJ6Z5f1iQnytgyfKMhDKgmzYG+TeH/wx1y3l27rshSbLiSanrR9ffZDrEsmjlQF2g=="],

    "source-map-js": ["source-map-js@1.2.1", "", {}, "sha512-UXWMKhLOwVKb728IUtQPXxfYU+usdybtUrK/8uGE8CQMvrhOpwvzDBwj0QhSL7MQc7vIsISBG8VQ8+IDQxpfQA=="],

    "tailwindcss": ["tailwindcss@4.2.4", "", {}, "sha512-HhKppgO81FQof5m6TEnuBWCZGgfRAWbaeOaGT00KOy/Pf/j6oUihdvBpA7ltCeAvZpFhW3j0PTclkxsd4IXYDA=="],

    "tapable": ["tapable@2.3.3", "", {}, "sha512-uxc/zpqFg6x7C8vOE7lh6Lbda8eEL9zmVm/PLeTPBRhh1xCgdWaQ+J1CUieGpIfm2HdtsUpRv+HshiasBMcc6A=="],

    "tinyglobby": ["tinyglobby@0.2.16", "", { "dependencies": { "fdir": "^6.5.0", "picomatch": "^4.0.4" } }, "sha512-pn99VhoACYR8nFHhxqix+uvsbXineAasWm5ojXoN8xEwK5Kd3/TrhNn1wByuD52UxWRLy8pu+kRMniEi6Eq9Zg=="],

    "tinypool": ["tinypool@2.1.0", "", {}, "sha512-Pugqs6M0m7Lv1I7FtxN4aoyToKg1C4tu+/381vH35y8oENM/Ai7f7C4StcoK4/+BSw9ebcS8jRiVrORFKCALLw=="],

    "tslib": ["tslib@2.8.1", "", {}, "sha512-oJFu94HQb+KVduSUQL7wnpmqnfmLsOA/nAh6b6EH0wCEoK0/mPeXU6c3wKDV83MkOuHPRHtSXKKU99IBazS/2w=="],

    "ufo": ["ufo@1.6.4", "", {}, "sha512-JFNbkD1Svwe0KvGi8GOeLcP4kAWQ609twvCdcHxq1oSL8svv39ZuSvajcD8B+5D0eL4+s1Is2D/O6KN3qcTeRA=="],

    "unplugin": ["unplugin@3.0.0", "", { "dependencies": { "@jridgewell/remapping": "^2.3.5", "picomatch": "^4.0.3", "webpack-virtual-modules": "^0.6.2" } }, "sha512-0Mqk3AT2TZCXWKdcoaufeXNukv2mTrEZExeXlHIOZXdqYoHHr4n51pymnwV8x2BOVxwXbK2HLlI7usrqMpycdg=="],

    "unplugin-utils": ["unplugin-utils@0.3.1", "", { "dependencies": { "pathe": "^2.0.3", "picomatch": "^4.0.3" } }, "sha512-5lWVjgi6vuHhJ526bI4nlCOmkCIF3nnfXkCMDeMJrtdvxTs6ZFCM8oNufGTsDbKv/tJ/xj8RpvXjRuPBZJuJog=="],

    "vite": ["vite@8.0.10", "", { "dependencies": { "lightningcss": "^1.32.0", "picomatch": "^4.0.4", "postcss": "^8.5.10", "rolldown": "1.0.0-rc.17", "tinyglobby": "^0.2.16" }, "optionalDependencies": { "fsevents": "~2.3.3" }, "peerDependencies": { "@types/node": "^20.19.0 || >=22.12.0", "@vitejs/devtools": "^0.1.0", "esbuild": "^0.27.0 || ^0.28.0", "jiti": ">=1.21.0", "less": "^4.0.0", "sass": "^1.70.0", "sass-embedded": "^1.70.0", "stylus": ">=0.54.8", "sugarss": "^5.0.0", "terser": "^5.16.0", "tsx": "^4.8.1", "yaml": "^2.4.2" }, "optionalPeers": ["@types/node", "@vitejs/devtools", "esbuild", "jiti", "less", "sass", "sass-embedded", "stylus", "sugarss", "terser", "tsx", "yaml"], "bin": { "vite": "bin/vite.js" } }, "sha512-rZuUu9j6J5uotLDs+cAA4O5H4K1SfPliUlQwqa6YEwSrWDZzP4rhm00oJR5snMewjxF5V/K3D4kctsUTsIU9Mw=="],

    "vue": ["vue@3.5.33", "", { "dependencies": { "@vue/compiler-dom": "3.5.33", "@vue/compiler-sfc": "3.5.33", "@vue/runtime-dom": "3.5.33", "@vue/server-renderer": "3.5.33", "@vue/shared": "3.5.33" }, "peerDependencies": { "typescript": "*" }, "optionalPeers": ["typescript"] }, "sha512-1AgChhx5w3ALgT4oK3acm2Es/7jyZhWSVUfs3rOBlGQC0rjEDkS7G4lWlJJGGNQD+BV3reCwbQrOe1mPNwKHBQ=="],

    "vue-advanced-cropper": ["vue-advanced-cropper@2.8.9", "", { "dependencies": { "classnames": "^2.2.6", "debounce": "^1.2.0", "easy-bem": "^1.0.2" }, "peerDependencies": { "vue": "^3.0.0" } }, "sha512-1jc5gO674kVGpJKekoaol6ZlwaF5VYDLSBwBOUpViW0IOrrRsyLw6XNszjEqgbavvqinlKNS6Kqlom3B5M72Tw=="],

    "vue-demi": ["vue-demi@0.14.10", "", { "peerDependencies": { "@vue/composition-api": "^1.0.0-rc.1", "vue": "^3.0.0-0 || ^2.6.0" }, "optionalPeers": ["@vue/composition-api"], "bin": { "vue-demi-fix": "bin/vue-demi-fix.js", "vue-demi-switch": "bin/vue-demi-switch.js" } }, "sha512-nMZBOwuzabUO0nLgIcc6rycZEebF6eeUfaiQx9+WSk8e29IbLvPU9feI6tqW4kTo3hvoYAJkMh8n8D0fuISphg=="],

    "vue-router": ["vue-router@5.0.6", "", { "dependencies": { "@babel/generator": "^7.28.6", "@vue-macros/common": "^3.1.1", "@vue/devtools-api": "^8.0.6", "ast-walker-scope": "^0.8.3", "chokidar": "^5.0.0", "json5": "^2.2.3", "local-pkg": "^1.1.2", "magic-string": "^0.30.21", "mlly": "^1.8.0", "muggle-string": "^0.4.1", "pathe": "^2.0.3", "picomatch": "^4.0.3", "scule": "^1.3.0", "tinyglobby": "^0.2.15", "unplugin": "^3.0.0", "unplugin-utils": "^0.3.1", "yaml": "^2.8.2" }, "peerDependencies": { "@pinia/colada": ">=0.21.2", "@vue/compiler-sfc": "^3.5.17", "pinia": "^3.0.4", "vue": "^3.5.0" }, "optionalPeers": ["@pinia/colada", "@vue/compiler-sfc", "pinia"] }, "sha512-9+kmUTGbKMyW9Asoy98IXXYIzrTMT7JDAdpDDeEkorHvybpUvBI2wsrSM5jFOXrFydpzRFJ9vAh+80DN2PGu9w=="],

    "webpack-virtual-modules": ["webpack-virtual-modules@0.6.2", "", {}, "sha512-66/V2i5hQanC51vBQKPH4aI8NMAcBW59FVBs+rC7eGHupMyfn34q7rZIE+ETlJ+XTevqfUhVVBgSUNSW2flEUQ=="],

    "yaml": ["yaml@2.8.4", "", { "bin": { "yaml": "bin.mjs" } }, "sha512-ml/JPOj9fOQK8RNnWojA67GbZ0ApXAUlN2UQclwv2eVgTgn7O9gg9o7paZWKMp4g0H3nTLtS9LVzhkpOFIKzog=="],

    "@tailwindcss/oxide-wasm32-wasi/@emnapi/core": ["@emnapi/core@1.10.0", "", { "dependencies": { "@emnapi/wasi-threads": "1.2.1", "tslib": "^2.4.0" }, "bundled": true }, "sha512-yq6OkJ4p82CAfPl0u9mQebQHKPJkY7WrIuk205cTYnYe+k2Z8YBh11FrbRG/H6ihirqcacOgl2BIO8oyMQLeXw=="],

    "@tailwindcss/oxide-wasm32-wasi/@emnapi/runtime": ["@emnapi/runtime@1.10.0", "", { "dependencies": { "tslib": "^2.4.0" }, "bundled": true }, "sha512-ewvYlk86xUoGI0zQRNq/mC+16R1QeDlKQy21Ki3oSYXNgLb45GV1P6A0M+/s6nyCuNDqe5VpaY84BzXGwVbwFA=="],

    "@tailwindcss/oxide-wasm32-wasi/@emnapi/wasi-threads": ["@emnapi/wasi-threads@1.2.1", "", { "dependencies": { "tslib": "^2.4.0" }, "bundled": true }, "sha512-uTII7OYF+/Mes/MrcIOYp5yOtSMLBWSIoLPpcgwipoiKbli6k322tcoFsxoIIxPDqW01SQGAgko4EzZi2BNv2w=="],

    "@tailwindcss/oxide-wasm32-wasi/@napi-rs/wasm-runtime": ["@napi-rs/wasm-runtime@1.1.4", "", { "dependencies": { "@tybys/wasm-util": "^0.10.1" }, "peerDependencies": { "@emnapi/core": "^1.7.1", "@emnapi/runtime": "^1.7.1" }, "bundled": true }, "sha512-3NQNNgA1YSlJb/kMH1ildASP9HW7/7kYnRI2szWJaofaS1hWmbGI4H+d3+22aGzXXN9IJ+n+GiFVcGipJP18ow=="],

    "@tailwindcss/oxide-wasm32-wasi/@tybys/wasm-util": ["@tybys/wasm-util@0.10.1", "", { "dependencies": { "tslib": "^2.4.0" }, "bundled": true }, "sha512-9tTaPJLSiejZKx+Bmog4uSubteqTvFrVrURwkmHixBo0G4seD0zUxp98E1DzUBJxLQ3NPwXrGKDiVjwx/DpPsg=="],

    "@tailwindcss/oxide-wasm32-wasi/tslib": ["tslib@2.8.1", "", { "bundled": true }, "sha512-oJFu94HQb+KVduSUQL7wnpmqnfmLsOA/nAh6b6EH0wCEoK0/mPeXU6c3wKDV83MkOuHPRHtSXKKU99IBazS/2w=="],

    "mlly/pkg-types": ["pkg-types@1.3.1", "", { "dependencies": { "confbox": "^0.1.8", "mlly": "^1.7.4", "pathe": "^2.0.1" } }, "sha512-/Jm5M4RvtBFVkKWRu2BLUTNP8/M2a+UwuAX+ae4770q1qVGtfjG+WTCupoZixokjmHiry8uI+dlY8KXYV5HVVQ=="],

    "rolldown/@rolldown/pluginutils": ["@rolldown/pluginutils@1.0.0-rc.17", "", {}, "sha512-n8iosDOt6Ig1UhJ2AYqoIhHWh/isz0xpicHTzpKBeotdVsTEcxsSA/i3EVM7gQAj0rU27OLAxCjzlj15IWY7bg=="],

    "mlly/pkg-types/confbox": ["confbox@0.1.8", "", {}, "sha512-RMtmw0iFkeR4YV+fUOSucriAQNb9g8zFR52MWCtl+cCZOFRNL6zeB395vPzFhEjjn4fMxXudmELnl/KF/WrK6w=="],
  }
}
